
Microsoft Visual Studio Solution File, Format Version 11.00
# Visual Studio 2010
Project("{FAE04EC0-301F-11D3-BF4B-00C04F79EFBC}") = "DbTransmogrifier", "DbTransmogrifier\DbTransmogrifier.csproj", "{18FBFDB1-DE4A-4237-9B13-11DAEABBE8C8}"
EndProject
Project("{FAE04EC0-301F-11D3-BF4B-00C04F79EFBC}") = "SampleMigrations", "SampleMigrations\SampleMigrations.csproj", "{7844313F-A470-4117-85C1-5EBF8F29BD80}"
EndProject
Project("{FAE04EC0-301F-11D3-BF4B-00C04F79EFBC}") = "DbTransmogrifier.Specs", "DbTransmogrifier.Specs\DbTransmogrifier.Specs.csproj", "{3431F8D6-9ABF-49B0-BD66-BB82F9D6A25D}"
EndProject
Global
	GlobalSection(SolutionConfigurationPlatforms) = preSolution
		Debug|Any CPU = Debug|Any CPU
		Release|Any CPU = Release|Any CPU
	EndGlobalSection
	GlobalSection(ProjectConfigurationPlatforms) = postSolution
		{18FBFDB1-DE4A-4237-9B13-11DAEABBE8C8}.Debug|Any CPU.ActiveCfg = Debug|Any CPU
		{18FBFDB1-DE4A-4237-9B13-11DAEABBE8C8}.Debug|Any CPU.Build.0 = Debug|Any CPU
		{18FBFDB1-DE4A-4237-9B13-11DAEABBE8C8}.Release|Any CPU.ActiveCfg = Release|Any CPU
		{18FBFDB1-DE4A-4237-9B13-11DAEABBE8C8}.Release|Any CPU.Build.0 = Release|Any CPU
		{7844313F-A470-4117-85C1-5EBF8F29BD80}.Debug|Any CPU.ActiveCfg = Debug|Any CPU
		{7844313F-A470-4117-85C1-5EBF8F29BD80}.Debug|Any CPU.Build.0 = Debug|Any CPU
		{7844313F-A470-4117-85C1-5EBF8F29BD80}.Release|Any CPU.ActiveCfg = Release|Any CPU
		{7844313F-A470-4117-85C1-5EBF8F29BD80}.Release|Any CPU.Build.0 = Release|Any CPU
		{3431F8D6-9ABF-49B0-BD66-BB82F9D6A25D}.Debug|Any CPU.ActiveCfg = Debug|Any CPU
		{3431F8D6-9ABF-49B0-BD66-BB82F9D6A25D}.Debug|Any CPU.Build.0 = Debug|Any CPU
		{3431F8D6-9ABF-49B0-BD66-BB82F9D6A25D}.Release|Any CPU.ActiveCfg = Release|Any CPU
		{3431F8D6-9ABF-49B0-BD66-BB82F9D6A25D}.Release|Any CPU.Build.0 = Release|Any CPU
	EndGlobalSection
	GlobalSection(SolutionProperties) = preSolution
		HideSolutionNode = FALSE
	EndGlobalSection
EndGlobal
